
Microsoft Visual Studio Solution File, Format Version 12.00
# Visual Studio Version 16
VisualStudioVersion = 16.0.28803.156
MinimumVisualStudioVersion = 10.0.40219.1
Project("{FAE04EC0-301F-11D3-BF4B-00C04F79EFBC}") = "SatiriquesBot", "SatiriquesBot\SatiriquesBot.csproj", "{0A194608-35FA-4D93-A79D-8C418622C7F8}"
EndProject
Global
	GlobalSection(SolutionConfigurationPlatforms) = preSolution
		Debug|Any CPU = Debug|Any CPU
		Release|Any CPU = Release|Any CPU
	EndGlobalSection
	GlobalSection(ProjectConfigurationPlatforms) = postSolution
		{0A194608-35FA-4D93-A79D-8C418622C7F8}.Debug|Any CPU.ActiveCfg = Debug|Any CPU
		{0A194608-35FA-4D93-A79D-8C418622C7F8}.Debug|Any CPU.Build.0 = Debug|Any CPU
		{0A194608-35FA-4D93-A79D-8C418622C7F8}.Release|Any CPU.ActiveCfg = Release|Any CPU
		{0A194608-35FA-4D93-A79D-8C418622C7F8}.Release|Any CPU.Build.0 = Release|Any CPU
	EndGlobalSection
	GlobalSection(SolutionProperties) = preSolution
		HideSolutionNode = FALSE
	EndGlobalSection
	GlobalSection(ExtensibilityGlobals) = postSolution
		SolutionGuid = {03F1E25B-E149-4FA8-A903-F58B79442FEC}
	EndGlobalSection
EndGlobal
